
Microsoft Visual Studio Solution File, Format Version 12.00
# Visual Studio Version 17
VisualStudioVersion = 17.8.34511.84
MinimumVisualStudioVersion = 10.0.40219.1
Project("{FAE04EC0-301F-11D3-BF4B-00C04F79EFBC}") = "QLSV", "QLSV\QLSV.csproj", "{14D8E13D-0144-440B-B662-592E676B8199}"
EndProject
Global
	GlobalSection(SolutionConfigurationPlatforms) = preSolution
		Debug|Any CPU = Debug|Any CPU
		Release|Any CPU = Release|Any CPU
	EndGlobalSection
	GlobalSection(ProjectConfigurationPlatforms) = postSolution
		{14D8E13D-0144-440B-B662-592E676B8199}.Debug|Any CPU.ActiveCfg = Debug|Any CPU
		{14D8E13D-0144-440B-B662-592E676B8199}.Debug|Any CPU.Build.0 = Debug|Any CPU
		{14D8E13D-0144-440B-B662-592E676B8199}.Release|Any CPU.ActiveCfg = Release|Any CPU
		{14D8E13D-0144-440B-B662-592E676B8199}.Release|Any CPU.Build.0 = Release|Any CPU
	EndGlobalSection
	GlobalSection(SolutionProperties) = preSolution
		HideSolutionNode = FALSE
	EndGlobalSection
	GlobalSection(ExtensibilityGlobals) = postSolution
		SolutionGuid = {CBA447C4-F19F-48C0-9AAB-B5D72C3EED1A}
	EndGlobalSection
EndGlobal
